{
  "name": "panic",
  "lockfileVersion": 3,
  "requires": true,
  "packages": {
    "": {
      "dependencies": {
        "@ckeditor/ckeditor5-image": "^41.2.1",
        "chart.js": "^4.4.1"
      }
    },
    "node_modules/@ckeditor/ckeditor5-clipboard": {
      "version": "41.2.1",
      "resolved": "https://registry.npmjs.org/@ckeditor/ckeditor5-clipboard/-/ckeditor5-clipboard-41.2.1.tgz",
      "integrity": "sha512-ZhmkwxFd+wDK5Wa+uqfHsMzXHnAvJWjGNNggbHcA2sxPQEifTVQaA06Ritmm37qCkDdIxcriDBx2OL5ATkMxGQ==",
      "dependencies": {
        "@ckeditor/ckeditor5-core": "41.2.1",
        "@ckeditor/ckeditor5-engine": "41.2.1",
        "@ckeditor/ckeditor5-ui": "41.2.1",
        "@ckeditor/ckeditor5-utils": "41.2.1",
        "@ckeditor/ckeditor5-widget": "41.2.1",
        "lodash-es": "4.17.21"
      }
    },
    "node_modules/@ckeditor/ckeditor5-core": {
      "version": "41.2.1",
      "resolved": "https://registry.npmjs.org/@ckeditor/ckeditor5-core/-/ckeditor5-core-41.2.1.tgz",
      "integrity": "sha512-h75yyYy17a8Zj7SayWcNCevzD/JKosHGDIeGQht4R0HxfT+/108AGxRA8ELpAaiPTvb9uoOLSQg5DiM/hPjHuQ==",
      "dependencies": {
        "@ckeditor/ckeditor5-engine": "41.2.1",
        "@ckeditor/ckeditor5-utils": "41.2.1",
        "lodash-es": "4.17.21"
      }
    },
    "node_modules/@ckeditor/ckeditor5-engine": {
      "version": "41.2.1",
      "resolved": "https://registry.npmjs.org/@ckeditor/ckeditor5-engine/-/ckeditor5-engine-41.2.1.tgz",
      "integrity": "sha512-p2XtuSL7TGzgKHWPV/N8M0bX0I/ygmBTZ+D90TwqgW8cKCNYCTluQvceAleoRJAuovPK/KAi8OeDj/TjXXkakA==",
      "dependencies": {
        "@ckeditor/ckeditor5-utils": "41.2.1",
        "lodash-es": "4.17.21"
      }
    },
    "node_modules/@ckeditor/ckeditor5-enter": {
      "version": "41.2.1",
      "resolved": "https://registry.npmjs.org/@ckeditor/ckeditor5-enter/-/ckeditor5-enter-41.2.1.tgz",
      "integrity": "sha512-3YUmf3Vd5xMfA8MUau97tvmNCMH5Kbmqz44gq0ekAF8BATVGxA5c8OJR6ZxaTarZJX7mY1WaPeP3Vifre3no5w==",
      "dependencies": {
        "@ckeditor/ckeditor5-core": "41.2.1",
        "@ckeditor/ckeditor5-engine": "41.2.1",
        "@ckeditor/ckeditor5-utils": "41.2.1"
      }
    },
    "node_modules/@ckeditor/ckeditor5-image": {
      "version": "41.2.1",
      "resolved": "https://registry.npmjs.org/@ckeditor/ckeditor5-image/-/ckeditor5-image-41.2.1.tgz",
      "integrity": "sha512-zls7WGvP1nQ2Qh8cj9TcqBoPW4ELIMizw1PyJQcG7lqymMEHDb21bwICk1eSAEqp0o16mAFBdNKKNzOd17CIgg==",
      "dependencies": {
        "@ckeditor/ckeditor5-ui": "41.2.1",
        "ckeditor5": "41.2.1",
        "lodash-es": "4.17.21"
      }
    },
    "node_modules/@ckeditor/ckeditor5-paragraph": {
      "version": "41.2.1",
      "resolved": "https://registry.npmjs.org/@ckeditor/ckeditor5-paragraph/-/ckeditor5-paragraph-41.2.1.tgz",
      "integrity": "sha512-j6OdPBFlA7BzU5wSmYFNfTuQbr64kq1uuTyDwXUvfQQvUqTAiA05sqWEzV1hc14Kc6uqVfoCFsYFI7xUEaaNvw==",
      "dependencies": {
        "@ckeditor/ckeditor5-core": "41.2.1",
        "@ckeditor/ckeditor5-ui": "41.2.1",
        "@ckeditor/ckeditor5-utils": "41.2.1"
      }
    },
    "node_modules/@ckeditor/ckeditor5-select-all": {
      "version": "41.2.1",
      "resolved": "https://registry.npmjs.org/@ckeditor/ckeditor5-select-all/-/ckeditor5-select-all-41.2.1.tgz",
      "integrity": "sha512-7or858oDDshJhGoNtyW8LGjFXlBsHKD+wR/ur1D+0DtKUfsznAWtvWPbKnirgmh3h6O0RZ+1X1GbgVnj0iZtnQ==",
      "dependencies": {
        "@ckeditor/ckeditor5-core": "41.2.1",
        "@ckeditor/ckeditor5-ui": "41.2.1",
        "@ckeditor/ckeditor5-utils": "41.2.1"
      }
    },
    "node_modules/@ckeditor/ckeditor5-typing": {
      "version": "41.2.1",
      "resolved": "https://registry.npmjs.org/@ckeditor/ckeditor5-typing/-/ckeditor5-typing-41.2.1.tgz",
      "integrity": "sha512-jl90Ws7REa5StZXchF1uSCFvmnEGDuoJhIhDzPfzDRCd5ziyU3z325e0vs3V1CFebTlUAvfW9KC5jSVzketLqw==",
      "dependencies": {
        "@ckeditor/ckeditor5-core": "41.2.1",
        "@ckeditor/ckeditor5-engine": "41.2.1",
        "@ckeditor/ckeditor5-utils": "41.2.1",
        "lodash-es": "4.17.21"
      }
    },
    "node_modules/@ckeditor/ckeditor5-ui": {
      "version": "41.2.1",
      "resolved": "https://registry.npmjs.org/@ckeditor/ckeditor5-ui/-/ckeditor5-ui-41.2.1.tgz",
      "integrity": "sha512-HmLqVLX44q23LadZmmsh0et9mexnhSrOXkU+0VzHmT4wmO/wbYcMGTMWJF96i5eOjLywzxWGctIdlnJ9ElFPdg==",
      "dependencies": {
        "@ckeditor/ckeditor5-core": "41.2.1",
        "@ckeditor/ckeditor5-utils": "41.2.1",
        "color-convert": "2.0.1",
        "color-parse": "1.4.2",
        "lodash-es": "4.17.21",
        "vanilla-colorful": "0.7.2"
      }
    },
    "node_modules/@ckeditor/ckeditor5-undo": {
      "version": "41.2.1",
      "resolved": "https://registry.npmjs.org/@ckeditor/ckeditor5-undo/-/ckeditor5-undo-41.2.1.tgz",
      "integrity": "sha512-NlM8TdPNO+ygOcyb361OfzJ7UGi0QTbTFBAUMaZeOdxygaTJki5eFR69y4PCwYQfR2s7fHXqFLKhflPvJ2PpyQ==",
      "dependencies": {
        "@ckeditor/ckeditor5-core": "41.2.1",
        "@ckeditor/ckeditor5-engine": "41.2.1",
        "@ckeditor/ckeditor5-ui": "41.2.1"
      }
    },
    "node_modules/@ckeditor/ckeditor5-upload": {
      "version": "41.2.1",
      "resolved": "https://registry.npmjs.org/@ckeditor/ckeditor5-upload/-/ckeditor5-upload-41.2.1.tgz",
      "integrity": "sha512-41nwrJkuPy8cqXQaELxmdnwd88KPm9RKBxVAAfdpCAU62tRyYnUbX05yHbLBGpmOUf0FK4Zw7ygSG2VVVcTicg==",
      "dependencies": {
        "@ckeditor/ckeditor5-core": "41.2.1",
        "@ckeditor/ckeditor5-ui": "41.2.1",
        "@ckeditor/ckeditor5-utils": "41.2.1"
      }
    },
    "node_modules/@ckeditor/ckeditor5-utils": {
      "version": "41.2.1",
      "resolved": "https://registry.npmjs.org/@ckeditor/ckeditor5-utils/-/ckeditor5-utils-41.2.1.tgz",
      "integrity": "sha512-yBtKU3QteYieEU3Wa8Wj1fea4CBFqmsemhesOIb7K5JYHFBs7xQ+efAaTWL+YTSOt/y50SEy2BCK+9mUkRohBg==",
      "dependencies": {
        "lodash-es": "4.17.21"
      }
    },
    "node_modules/@ckeditor/ckeditor5-watchdog": {
      "version": "41.2.1",
      "resolved": "https://registry.npmjs.org/@ckeditor/ckeditor5-watchdog/-/ckeditor5-watchdog-41.2.1.tgz",
      "integrity": "sha512-3Y/PPS9dTzIL/TsGf23lz4QxW6Y8/up62afict7YLH2p4g85KMxyDWhZJui8QYsonALjoWy34vSlMTI/WbMM4w==",
      "dependencies": {
        "lodash-es": "4.17.21"
      }
    },
    "node_modules/@ckeditor/ckeditor5-widget": {
      "version": "41.2.1",
      "resolved": "https://registry.npmjs.org/@ckeditor/ckeditor5-widget/-/ckeditor5-widget-41.2.1.tgz",
      "integrity": "sha512-ugBC38lRbqRlU1LRd/spGyyTlizsTtf3EOTtqXRwq96bfZ5ltnEAMe0FP5agsQBo4IoVFWMZnUiU66xRCBPiBg==",
      "dependencies": {
        "@ckeditor/ckeditor5-core": "41.2.1",
        "@ckeditor/ckeditor5-engine": "41.2.1",
        "@ckeditor/ckeditor5-enter": "41.2.1",
        "@ckeditor/ckeditor5-typing": "41.2.1",
        "@ckeditor/ckeditor5-ui": "41.2.1",
        "@ckeditor/ckeditor5-utils": "41.2.1",
        "lodash-es": "4.17.21"
      }
    },
    "node_modules/@kurkle/color": {
      "version": "0.3.2",
      "resolved": "https://registry.npmjs.org/@kurkle/color/-/color-0.3.2.tgz",
      "integrity": "sha512-fuscdXJ9G1qb7W8VdHi+IwRqij3lBkosAm4ydQtEmbY58OzHXqQhvlxqEkoz0yssNVn38bcpRWgA9PP+OGoisw=="
    },
    "node_modules/chart.js": {
      "version": "4.4.1",
      "resolved": "https://registry.npmjs.org/chart.js/-/chart.js-4.4.1.tgz",
      "integrity": "sha512-C74QN1bxwV1v2PEujhmKjOZ7iUM4w6BWs23Md/6aOZZSlwMzeCIDGuZay++rBgChYru7/+QFeoQW0fQoP534Dg==",
      "dependencies": {
        "@kurkle/color": "^0.3.0"
      },
      "engines": {
        "pnpm": ">=7"
      }
    },
    "node_modules/ckeditor5": {
      "version": "41.2.1",
      "resolved": "https://registry.npmjs.org/ckeditor5/-/ckeditor5-41.2.1.tgz",
      "integrity": "sha512-AroYD5VK79HHdAKGqQ4Cz0sxN1oM4qJGhx3CIHvb53IcHXdQQUMtwJ2L123ylWWtUHiwimTYU5qCeD7Al8MwFQ==",
      "dependencies": {
        "@ckeditor/ckeditor5-clipboard": "41.2.1",
        "@ckeditor/ckeditor5-core": "41.2.1",
        "@ckeditor/ckeditor5-engine": "41.2.1",
        "@ckeditor/ckeditor5-enter": "41.2.1",
        "@ckeditor/ckeditor5-paragraph": "41.2.1",
        "@ckeditor/ckeditor5-select-all": "41.2.1",
        "@ckeditor/ckeditor5-typing": "41.2.1",
        "@ckeditor/ckeditor5-ui": "41.2.1",
        "@ckeditor/ckeditor5-undo": "41.2.1",
        "@ckeditor/ckeditor5-upload": "41.2.1",
        "@ckeditor/ckeditor5-utils": "41.2.1",
        "@ckeditor/ckeditor5-watchdog": "41.2.1",
        "@ckeditor/ckeditor5-widget": "41.2.1"
      }
    },
    "node_modules/color-convert": {
      "version": "2.0.1",
      "resolved": "https://registry.npmjs.org/color-convert/-/color-convert-2.0.1.tgz",
      "integrity": "sha512-RRECPsj7iu/xb5oKYcsFHSppFNnsj/52OVTRKb4zP5onXwVF3zVmmToNcOfGC+CRDpfK/U584fMg38ZHCaElKQ==",
      "dependencies": {
        "color-name": "~1.1.4"
      },
      "engines": {
        "node": ">=7.0.0"
      }
    },
    "node_modules/color-name": {
      "version": "1.1.4",
      "resolved": "https://registry.npmjs.org/color-name/-/color-name-1.1.4.tgz",
      "integrity": "sha512-dOy+3AuW3a2wNbZHIuMZpTcgjGuLU/uBL/ubcZF9OXbDo8ff4O8yVp5Bf0efS8uEoYo5q4Fx7dY9OgQGXgAsQA=="
    },
    "node_modules/color-parse": {
      "version": "1.4.2",
      "resolved": "https://registry.npmjs.org/color-parse/-/color-parse-1.4.2.tgz",
      "integrity": "sha512-RI7s49/8yqDj3fECFZjUI1Yi0z/Gq1py43oNJivAIIDSyJiOZLfYCRQEgn8HEVAj++PcRe8AnL2XF0fRJ3BTnA==",
      "dependencies": {
        "color-name": "^1.0.0"
      }
    },
    "node_modules/lodash-es": {
      "version": "4.17.21",
      "resolved": "https://registry.npmjs.org/lodash-es/-/lodash-es-4.17.21.tgz",
      "integrity": "sha512-mKnC+QJ9pWVzv+C4/U3rRsHapFfHvQFoFB92e52xeyGMcX6/OlIl78je1u8vePzYZSkkogMPJ2yjxxsb89cxyw=="
    },
    "node_modules/vanilla-colorful": {
      "version": "0.7.2",
      "resolved": "https://registry.npmjs.org/vanilla-colorful/-/vanilla-colorful-0.7.2.tgz",
      "integrity": "sha512-z2YZusTFC6KnLERx1cgoIRX2CjPRP0W75N+3CC6gbvdX5Ch47rZkEMGO2Xnf+IEmi3RiFLxS18gayMA27iU7Kg=="
    }
  }
}
